
Microsoft Visual Studio Solution File, Format Version 12.00
# Visual Studio Version 17
VisualStudioVersion = 17.5.002.0
MinimumVisualStudioVersion = 10.0.40219.1
Project("{9A19103F-16F7-4668-BE54-9A1E7A4F7556}") = "VariablesProject", "VariablesProject.csproj", "{28DCBACE-5C86-468D-AAB2-FF94C4761E8F}"
EndProject
Global
	GlobalSection(SolutionConfigurationPlatforms) = preSolution
		Debug|Any CPU = Debug|Any CPU
		Release|Any CPU = Release|Any CPU
	EndGlobalSection
	GlobalSection(ProjectConfigurationPlatforms) = postSolution
		{28DCBACE-5C86-468D-AAB2-FF94C4761E8F}.Debug|Any CPU.ActiveCfg = Debug|Any CPU
		{28DCBACE-5C86-468D-AAB2-FF94C4761E8F}.Debug|Any CPU.Build.0 = Debug|Any CPU
		{28DCBACE-5C86-468D-AAB2-FF94C4761E8F}.Release|Any CPU.ActiveCfg = Release|Any CPU
		{28DCBACE-5C86-468D-AAB2-FF94C4761E8F}.Release|Any CPU.Build.0 = Release|Any CPU
	EndGlobalSection
	GlobalSection(SolutionProperties) = preSolution
		HideSolutionNode = FALSE
	EndGlobalSection
	GlobalSection(ExtensibilityGlobals) = postSolution
		SolutionGuid = {4413EAD3-B010-4720-B783-BD0E25DA73C2}
	EndGlobalSection
EndGlobal
